// !$*UTF8*$!
{
	archiveVersion = 1;
	classes = {
	};
	objectVersion = 50;
	objects = {

/* Begin PBXBuildFile section */
		4604184A24A6426F00063372 /* main.m in Sources */ = {isa = PBXBuildFile; fileRef = 4604184924A6426F00063372 /* main.m */; };
		4604185224A6428700063372 /* EOCPerson.m in Sources */ = {isa = PBXBuildFile; fileRef = 4604185124A6428700063372 /* EOCPerson.m */; };
		4604185524A642C600063372 /* EOCEmployer.m in Sources */ = {isa = PBXBuildFile; fileRef = 4604185424A642C600063372 /* EOCEmployer.m */; };
		4604185824A7554E00063372 /* EOCEmployerDeveloper.m in Sources */ = {isa = PBXBuildFile; fileRef = 4604185724A7554E00063372 /* EOCEmployerDeveloper.m */; };
		4604185B24A7555F00063372 /* EOCEmployerDesigner.m in Sources */ = {isa = PBXBuildFile; fileRef = 4604185A24A7555F00063372 /* EOCEmployerDesigner.m */; };
		4604185E24A7557700063372 /* EOCEmployerFinane.m in Sources */ = {isa = PBXBuildFile; fileRef = 4604185D24A7557700063372 /* EOCEmployerFinane.m */; };
		4604186124A75F2000063372 /* EOCAutoDictionary.m in Sources */ = {isa = PBXBuildFile; fileRef = 4604186024A75F2000063372 /* EOCAutoDictionary.m */; };
		4604186424A7852200063372 /* NSString+EOCMyAddition.m in Sources */ = {isa = PBXBuildFile; fileRef = 4604186324A7852200063372 /* NSString+EOCMyAddition.m */; };
		4604186724A793C300063372 /* EOCRectangle.m in Sources */ = {isa = PBXBuildFile; fileRef = 4604186624A793C300063372 /* EOCRectangle.m */; };
		4604186A24A7959A00063372 /* EOCSquare.m in Sources */ = {isa = PBXBuildFile; fileRef = 4604186924A7959A00063372 /* EOCSquare.m */; };
		4604186D24A797E800063372 /* EOCLocation.m in Sources */ = {isa = PBXBuildFile; fileRef = 4604186C24A797E800063372 /* EOCLocation.m */; };
		4604187024A8D26E00063372 /* EOCNetworkFetcher.m in Sources */ = {isa = PBXBuildFile; fileRef = 4604186F24A8D26E00063372 /* EOCNetworkFetcher.m */; };
		4604187324A8D3F200063372 /* EOCDataModel.m in Sources */ = {isa = PBXBuildFile; fileRef = 4604187224A8D3F200063372 /* EOCDataModel.m */; };
		4604187624A8DA8300063372 /* NSString+MyMethod.m in Sources */ = {isa = PBXBuildFile; fileRef = 4604187524A8DA8300063372 /* NSString+MyMethod.m */; };
		4604187924A8DAE800063372 /* NSString+MyMethod2.m in Sources */ = {isa = PBXBuildFile; fileRef = 4604187824A8DAE800063372 /* NSString+MyMethod2.m */; };
		4604187C24AB8BA600063372 /* BlockTest.m in Sources */ = {isa = PBXBuildFile; fileRef = 4604187B24AB8BA600063372 /* BlockTest.m */; };
		4604187F24B0406600063372 /* GCDTest.m in Sources */ = {isa = PBXBuildFile; fileRef = 4604187E24B0406600063372 /* GCDTest.m */; };
		4604188224B0467100063372 /* OCSinglton.m in Sources */ = {isa = PBXBuildFile; fileRef = 4604188124B0467100063372 /* OCSinglton.m */; };
		46D9AB6424B21DF7009731AD /* NSTimer+EOCBlocksSupport.m in Sources */ = {isa = PBXBuildFile; fileRef = 46D9AB6324B21DF7009731AD /* NSTimer+EOCBlocksSupport.m */; };
/* End PBXBuildFile section */

/* Begin PBXCopyFilesBuildPhase section */
		4604184424A6426F00063372 /* CopyFiles */ = {
			isa = PBXCopyFilesBuildPhase;
			buildActionMask = 2147483647;
			dstPath = /usr/share/man/man1/;
			dstSubfolderSpec = 0;
			files = (
			);
			runOnlyForDeploymentPostprocessing = 1;
		};
/* End PBXCopyFilesBuildPhase section */

/* Begin PBXFileReference section */
		4604184624A6426F00063372 /* EffectiveObjectC2.0 */ = {isa = PBXFileReference; explicitFileType = "compiled.mach-o.executable"; includeInIndex = 0; path = EffectiveObjectC2.0; sourceTree = BUILT_PRODUCTS_DIR; };
		4604184924A6426F00063372 /* main.m */ = {isa = PBXFileReference; lastKnownFileType = sourcecode.c.objc; path = main.m; sourceTree = "<group>"; };
		4604185024A6428700063372 /* EOCPerson.h */ = {isa = PBXFileReference; lastKnownFileType = sourcecode.c.h; path = EOCPerson.h; sourceTree = "<group>"; };
		4604185124A6428700063372 /* EOCPerson.m */ = {isa = PBXFileReference; lastKnownFileType = sourcecode.c.objc; path = EOCPerson.m; sourceTree = "<group>"; };
		4604185324A642C600063372 /* EOCEmployer.h */ = {isa = PBXFileReference; lastKnownFileType = sourcecode.c.h; path = EOCEmployer.h; sourceTree = "<group>"; };
		4604185424A642C600063372 /* EOCEmployer.m */ = {isa = PBXFileReference; lastKnownFileType = sourcecode.c.objc; path = EOCEmployer.m; sourceTree = "<group>"; };
		4604185624A7554E00063372 /* EOCEmployerDeveloper.h */ = {isa = PBXFileReference; lastKnownFileType = sourcecode.c.h; path = EOCEmployerDeveloper.h; sourceTree = "<group>"; };
		4604185724A7554E00063372 /* EOCEmployerDeveloper.m */ = {isa = PBXFileReference; lastKnownFileType = sourcecode.c.objc; path = EOCEmployerDeveloper.m; sourceTree = "<group>"; };
		4604185924A7555F00063372 /* EOCEmployerDesigner.h */ = {isa = PBXFileReference; lastKnownFileType = sourcecode.c.h; path = EOCEmployerDesigner.h; sourceTree = "<group>"; };
		4604185A24A7555F00063372 /* EOCEmployerDesigner.m */ = {isa = PBXFileReference; lastKnownFileType = sourcecode.c.objc; path = EOCEmployerDesigner.m; sourceTree = "<group>"; };
		4604185C24A7557700063372 /* EOCEmployerFinane.h */ = {isa = PBXFileReference; lastKnownFileType = sourcecode.c.h; path = EOCEmployerFinane.h; sourceTree = "<group>"; };
		4604185D24A7557700063372 /* EOCEmployerFinane.m */ = {isa = PBXFileReference; lastKnownFileType = sourcecode.c.objc; path = EOCEmployerFinane.m; sourceTree = "<group>"; };
		4604185F24A75F2000063372 /* EOCAutoDictionary.h */ = {isa = PBXFileReference; lastKnownFileType = sourcecode.c.h; path = EOCAutoDictionary.h; sourceTree = "<group>"; };
		4604186024A75F2000063372 /* EOCAutoDictionary.m */ = {isa = PBXFileReference; lastKnownFileType = sourcecode.c.objc; path = EOCAutoDictionary.m; sourceTree = "<group>"; };
		4604186224A7852200063372 /* NSString+EOCMyAddition.h */ = {isa = PBXFileReference; lastKnownFileType = sourcecode.c.h; path = "NSString+EOCMyAddition.h"; sourceTree = "<group>"; };
		4604186324A7852200063372 /* NSString+EOCMyAddition.m */ = {isa = PBXFileReference; lastKnownFileType = sourcecode.c.objc; path = "NSString+EOCMyAddition.m"; sourceTree = "<group>"; };
		4604186524A793C300063372 /* EOCRectangle.h */ = {isa = PBXFileReference; lastKnownFileType = sourcecode.c.h; path = EOCRectangle.h; sourceTree = "<group>"; };
		4604186624A793C300063372 /* EOCRectangle.m */ = {isa = PBXFileReference; lastKnownFileType = sourcecode.c.objc; path = EOCRectangle.m; sourceTree = "<group>"; };
		4604186824A7959A00063372 /* EOCSquare.h */ = {isa = PBXFileReference; lastKnownFileType = sourcecode.c.h; path = EOCSquare.h; sourceTree = "<group>"; };
		4604186924A7959A00063372 /* EOCSquare.m */ = {isa = PBXFileReference; lastKnownFileType = sourcecode.c.objc; path = EOCSquare.m; sourceTree = "<group>"; };
		4604186B24A797E800063372 /* EOCLocation.h */ = {isa = PBXFileReference; lastKnownFileType = sourcecode.c.h; path = EOCLocation.h; sourceTree = "<group>"; };
		4604186C24A797E800063372 /* EOCLocation.m */ = {isa = PBXFileReference; lastKnownFileType = sourcecode.c.objc; path = EOCLocation.m; sourceTree = "<group>"; };
		4604186E24A8D26E00063372 /* EOCNetworkFetcher.h */ = {isa = PBXFileReference; lastKnownFileType = sourcecode.c.h; path = EOCNetworkFetcher.h; sourceTree = "<group>"; };
		4604186F24A8D26E00063372 /* EOCNetworkFetcher.m */ = {isa = PBXFileReference; lastKnownFileType = sourcecode.c.objc; path = EOCNetworkFetcher.m; sourceTree = "<group>"; };
		4604187124A8D3F200063372 /* EOCDataModel.h */ = {isa = PBXFileReference; lastKnownFileType = sourcecode.c.h; path = EOCDataModel.h; sourceTree = "<group>"; };
		4604187224A8D3F200063372 /* EOCDataModel.m */ = {isa = PBXFileReference; lastKnownFileType = sourcecode.c.objc; path = EOCDataModel.m; sourceTree = "<group>"; };
		4604187424A8DA8300063372 /* NSString+MyMethod.h */ = {isa = PBXFileReference; lastKnownFileType = sourcecode.c.h; path = "NSString+MyMethod.h"; sourceTree = "<group>"; };
		4604187524A8DA8300063372 /* NSString+MyMethod.m */ = {isa = PBXFileReference; lastKnownFileType = sourcecode.c.objc; path = "NSString+MyMethod.m"; sourceTree = "<group>"; };
		4604187724A8DAE800063372 /* NSString+MyMethod2.h */ = {isa = PBXFileReference; lastKnownFileType = sourcecode.c.h; path = "NSString+MyMethod2.h"; sourceTree = "<group>"; };
		4604187824A8DAE800063372 /* NSString+MyMethod2.m */ = {isa = PBXFileReference; lastKnownFileType = sourcecode.c.objc; path = "NSString+MyMethod2.m"; sourceTree = "<group>"; };
		4604187A24AB8BA600063372 /* BlockTest.h */ = {isa = PBXFileReference; lastKnownFileType = sourcecode.c.h; path = BlockTest.h; sourceTree = "<group>"; };
		4604187B24AB8BA600063372 /* BlockTest.m */ = {isa = PBXFileReference; lastKnownFileType = sourcecode.c.objc; path = BlockTest.m; sourceTree = "<group>"; };
		4604187D24B0406600063372 /* GCDTest.h */ = {isa = PBXFileReference; lastKnownFileType = sourcecode.c.h; path = GCDTest.h; sourceTree = "<group>"; };
		4604187E24B0406600063372 /* GCDTest.m */ = {isa = PBXFileReference; lastKnownFileType = sourcecode.c.objc; path = GCDTest.m; sourceTree = "<group>"; };
		4604188024B0467100063372 /* OCSinglton.h */ = {isa = PBXFileReference; lastKnownFileType = sourcecode.c.h; path = OCSinglton.h; sourceTree = "<group>"; };
		4604188124B0467100063372 /* OCSinglton.m */ = {isa = PBXFileReference; lastKnownFileType = sourcecode.c.objc; path = OCSinglton.m; sourceTree = "<group>"; };
		46D9AB6224B21DF7009731AD /* NSTimer+EOCBlocksSupport.h */ = {isa = PBXFileReference; lastKnownFileType = sourcecode.c.h; path = "NSTimer+EOCBlocksSupport.h"; sourceTree = "<group>"; };
		46D9AB6324B21DF7009731AD /* NSTimer+EOCBlocksSupport.m */ = {isa = PBXFileReference; lastKnownFileType = sourcecode.c.objc; path = "NSTimer+EOCBlocksSupport.m"; sourceTree = "<group>"; };
/* End PBXFileReference section */

/* Begin PBXFrameworksBuildPhase section */
		4604184324A6426F00063372 /* Frameworks */ = {
			isa = PBXFrameworksBuildPhase;
			buildActionMask = 2147483647;
			files = (
			);
			runOnlyForDeploymentPostprocessing = 0;
		};
/* End PBXFrameworksBuildPhase section */

/* Begin PBXGroup section */
		4604183D24A6426F00063372 = {
			isa = PBXGroup;
			children = (
				4604184824A6426F00063372 /* EffectiveObjectC2.0 */,
				4604184724A6426F00063372 /* Products */,
			);
			sourceTree = "<group>";
		};
		4604184724A6426F00063372 /* Products */ = {
			isa = PBXGroup;
			children = (
				4604184624A6426F00063372 /* EffectiveObjectC2.0 */,
			);
			name = Products;
			sourceTree = "<group>";
		};
		4604184824A6426F00063372 /* EffectiveObjectC2.0 */ = {
			isa = PBXGroup;
			children = (
				4604184924A6426F00063372 /* main.m */,
				4604187424A8DA8300063372 /* NSString+MyMethod.h */,
				4604187524A8DA8300063372 /* NSString+MyMethod.m */,
				4604185024A6428700063372 /* EOCPerson.h */,
				4604185124A6428700063372 /* EOCPerson.m */,
				4604185324A642C600063372 /* EOCEmployer.h */,
				4604185424A642C600063372 /* EOCEmployer.m */,
				4604185624A7554E00063372 /* EOCEmployerDeveloper.h */,
				4604185724A7554E00063372 /* EOCEmployerDeveloper.m */,
				4604185924A7555F00063372 /* EOCEmployerDesigner.h */,
				4604185A24A7555F00063372 /* EOCEmployerDesigner.m */,
				4604185C24A7557700063372 /* EOCEmployerFinane.h */,
				4604185D24A7557700063372 /* EOCEmployerFinane.m */,
				4604185F24A75F2000063372 /* EOCAutoDictionary.h */,
				4604186024A75F2000063372 /* EOCAutoDictionary.m */,
				4604186224A7852200063372 /* NSString+EOCMyAddition.h */,
				4604186324A7852200063372 /* NSString+EOCMyAddition.m */,
				4604186524A793C300063372 /* EOCRectangle.h */,
				4604186624A793C300063372 /* EOCRectangle.m */,
				4604186824A7959A00063372 /* EOCSquare.h */,
				4604186924A7959A00063372 /* EOCSquare.m */,
				4604186B24A797E800063372 /* EOCLocation.h */,
				4604186C24A797E800063372 /* EOCLocation.m */,
				4604186E24A8D26E00063372 /* EOCNetworkFetcher.h */,
				4604186F24A8D26E00063372 /* EOCNetworkFetcher.m */,
				4604187124A8D3F200063372 /* EOCDataModel.h */,
				4604187224A8D3F200063372 /* EOCDataModel.m */,
				4604187724A8DAE800063372 /* NSString+MyMethod2.h */,
				4604187824A8DAE800063372 /* NSString+MyMethod2.m */,
				4604187A24AB8BA600063372 /* BlockTest.h */,
				4604187B24AB8BA600063372 /* BlockTest.m */,
				4604187D24B0406600063372 /* GCDTest.h */,
				4604187E24B0406600063372 /* GCDTest.m */,
				4604188024B0467100063372 /* OCSinglton.h */,
				4604188124B0467100063372 /* OCSinglton.m */,
				46D9AB6224B21DF7009731AD /* NSTimer+EOCBlocksSupport.h */,
				46D9AB6324B21DF7009731AD /* NSTimer+EOCBlocksSupport.m */,
			);
			path = EffectiveObjectC2.0;
			sourceTree = "<group>";
		};
/* End PBXGroup section */

/* Begin PBXNativeTarget section */
		4604184524A6426F00063372 /* EffectiveObjectC2.0 */ = {
			isa = PBXNativeTarget;
			buildConfigurationList = 4604184D24A6426F00063372 /* Build configuration list for PBXNativeTarget "EffectiveObjectC2.0" */;
			buildPhases = (
				4604184224A6426F00063372 /* Sources */,
				4604184324A6426F00063372 /* Frameworks */,
				4604184424A6426F00063372 /* CopyFiles */,
			);
			buildRules = (
			);
			dependencies = (
			);
			name = EffectiveObjectC2.0;
			productName = EffectiveObjectC2.0;
			productReference = 4604184624A6426F00063372 /* EffectiveObjectC2.0 */;
			productType = "com.apple.product-type.tool";
		};
/* End PBXNativeTarget section */

/* Begin PBXProject section */
		4604183E24A6426F00063372 /* Project object */ = {
			isa = PBXProject;
			attributes = {
				LastUpgradeCheck = 1030;
				ORGANIZATIONNAME = "伍兆贵";
				TargetAttributes = {
					4604184524A6426F00063372 = {
						CreatedOnToolsVersion = 10.3;
					};
				};
			};
			buildConfigurationList = 4604184124A6426F00063372 /* Build configuration list for PBXProject "EffectiveObjectC2.0" */;
			compatibilityVersion = "Xcode 9.3";
			developmentRegion = en;
			hasScannedForEncodings = 0;
			knownRegions = (
				en,
			);
			mainGroup = 4604183D24A6426F00063372;
			productRefGroup = 4604184724A6426F00063372 /* Products */;
			projectDirPath = "";
			projectRoot = "";
			targets = (
				4604184524A6426F00063372 /* EffectiveObjectC2.0 */,
			);
		};
/* End PBXProject section */

/* Begin PBXSourcesBuildPhase section */
		4604184224A6426F00063372 /* Sources */ = {
			isa = PBXSourcesBuildPhase;
			buildActionMask = 2147483647;
			files = (
				4604187924A8DAE800063372 /* NSString+MyMethod2.m in Sources */,
				4604187C24AB8BA600063372 /* BlockTest.m in Sources */,
				4604187624A8DA8300063372 /* NSString+MyMethod.m in Sources */,
				4604186424A7852200063372 /* NSString+EOCMyAddition.m in Sources */,
				4604185524A642C600063372 /* EOCEmployer.m in Sources */,
				46D9AB6424B21DF7009731AD /* NSTimer+EOCBlocksSupport.m in Sources */,
				4604185224A6428700063372 /* EOCPerson.m in Sources */,
				4604186D24A797E800063372 /* EOCLocation.m in Sources */,
				4604184A24A6426F00063372 /* main.m in Sources */,
				4604185E24A7557700063372 /* EOCEmployerFinane.m in Sources */,
				4604188224B0467100063372 /* OCSinglton.m in Sources */,
				4604186A24A7959A00063372 /* EOCSquare.m in Sources */,
				4604185B24A7555F00063372 /* EOCEmployerDesigner.m in Sources */,
				4604187F24B0406600063372 /* GCDTest.m in Sources */,
				4604187024A8D26E00063372 /* EOCNetworkFetcher.m in Sources */,
				4604185824A7554E00063372 /* EOCEmployerDeveloper.m in Sources */,
				4604186124A75F2000063372 /* EOCAutoDictionary.m in Sources */,
				4604187324A8D3F200063372 /* EOCDataModel.m in Sources */,
				4604186724A793C300063372 /* EOCRectangle.m in Sources */,
			);
			runOnlyForDeploymentPostprocessing = 0;
		};
/* End PBXSourcesBuildPhase section */

/* Begin XCBuildConfiguration section */
		4604184B24A6426F00063372 /* Debug */ = {
			isa = XCBuildConfiguration;
			buildSettings = {
				ALWAYS_SEARCH_USER_PATHS = NO;
				CLANG_ANALYZER_NONNULL = YES;
				CLANG_ANALYZER_NUMBER_OBJECT_CONVERSION = YES_AGGRESSIVE;
				CLANG_CXX_LANGUAGE_STANDARD = "gnu++14";
				CLANG_CXX_LIBRARY = "libc++";
				CLANG_ENABLE_MODULES = YES;
				CLANG_ENABLE_OBJC_ARC = YES;
				CLANG_ENABLE_OBJC_WEAK = YES;
				CLANG_WARN_BLOCK_CAPTURE_AUTORELEASING = YES;
				CLANG_WARN_BOOL_CONVERSION = YES;
				CLANG_WARN_COMMA = YES;
				CLANG_WARN_CONSTANT_CONVERSION = YES;
				CLANG_WARN_DEPRECATED_OBJC_IMPLEMENTATIONS = YES;
				CLANG_WARN_DIRECT_OBJC_ISA_USAGE = YES_ERROR;
				CLANG_WARN_DOCUMENTATION_COMMENTS = YES;
				CLANG_WARN_EMPTY_BODY = YES;
				CLANG_WARN_ENUM_CONVERSION = YES;
				CLANG_WARN_INFINITE_RECURSION = YES;
				CLANG_WARN_INT_CONVERSION = YES;
				CLANG_WARN_NON_LITERAL_NULL_CONVERSION = YES;
				CLANG_WARN_OBJC_IMPLICIT_RETAIN_SELF = YES;
				CLANG_WARN_OBJC_LITERAL_CONVERSION = YES;
				CLANG_WARN_OBJC_ROOT_CLASS = YES_ERROR;
				CLANG_WARN_RANGE_LOOP_ANALYSIS = YES;
				CLANG_WARN_STRICT_PROTOTYPES = YES;
				CLANG_WARN_SUSPICIOUS_MOVE = YES;
				CLANG_WARN_UNGUARDED_AVAILABILITY = YES_AGGRESSIVE;
				CLANG_WARN_UNREACHABLE_CODE = YES;
				CLANG_WARN__DUPLICATE_METHOD_MATCH = YES;
				CODE_SIGN_IDENTITY = "-";
				COPY_PHASE_STRIP = NO;
				DEBUG_INFORMATION_FORMAT = dwarf;
				ENABLE_STRICT_OBJC_MSGSEND = YES;
				ENABLE_TESTABILITY = YES;
				GCC_C_LANGUAGE_STANDARD = gnu11;
				GCC_DYNAMIC_NO_PIC = NO;
				GCC_NO_COMMON_BLOCKS = YES;
				GCC_OPTIMIZATION_LEVEL = 0;
				GCC_PREPROCESSOR_DEFINITIONS = (
					"DEBUG=1",
					"$(inherited)",
				);
				GCC_WARN_64_TO_32_BIT_CONVERSION = YES;
				GCC_WARN_ABOUT_RETURN_TYPE = YES_ERROR;
				GCC_WARN_UNDECLARED_SELECTOR = YES;
				GCC_WARN_UNINITIALIZED_AUTOS = YES_AGGRESSIVE;
				GCC_WARN_UNUSED_FUNCTION = YES;
				GCC_WARN_UNUSED_VARIABLE = YES;
				MACOSX_DEPLOYMENT_TARGET = 10.14;
				MTL_ENABLE_DEBUG_INFO = INCLUDE_SOURCE;
				MTL_FAST_MATH = YES;
				ONLY_ACTIVE_ARCH = YES;
				SDKROOT = macosx;
			};
			name = Debug;
		};
		4604184C24A6426F00063372 /* Release */ = {
			isa = XCBuildConfiguration;
			buildSettings = {
				ALWAYS_SEARCH_USER_PATHS = NO;
				CLANG_ANALYZER_NONNULL = YES;
				CLANG_ANALYZER_NUMBER_OBJECT_CONVERSION = YES_AGGRESSIVE;
				CLANG_CXX_LANGUAGE_STANDARD = "gnu++14";
				CLANG_CXX_LIBRARY = "libc++";
				CLANG_ENABLE_MODULES = YES;
				CLANG_ENABLE_OBJC_ARC = YES;
				CLANG_ENABLE_OBJC_WEAK = YES;
				CLANG_WARN_BLOCK_CAPTURE_AUTORELEASING = YES;
				CLANG_WARN_BOOL_CONVERSION = YES;
				CLANG_WARN_COMMA = YES;
				CLANG_WARN_CONSTANT_CONVERSION = YES;
				CLANG_WARN_DEPRECATED_OBJC_IMPLEMENTATIONS = YES;
				CLANG_WARN_DIRECT_OBJC_ISA_USAGE = YES_ERROR;
				CLANG_WARN_DOCUMENTATION_COMMENTS = YES;
				CLANG_WARN_EMPTY_BODY = YES;
				CLANG_WARN_ENUM_CONVERSION = YES;
				CLANG_WARN_INFINITE_RECURSION = YES;
				CLANG_WARN_INT_CONVERSION = YES;
				CLANG_WARN_NON_LITERAL_NULL_CONVERSION = YES;
				CLANG_WARN_OBJC_IMPLICIT_RETAIN_SELF = YES;
				CLANG_WARN_OBJC_LITERAL_CONVERSION = YES;
				CLANG_WARN_OBJC_ROOT_CLASS = YES_ERROR;
				CLANG_WARN_RANGE_LOOP_ANALYSIS = YES;
				CLANG_WARN_STRICT_PROTOTYPES = YES;
				CLANG_WARN_SUSPICIOUS_MOVE = YES;
				CLANG_WARN_UNGUARDED_AVAILABILITY = YES_AGGRESSIVE;
				CLANG_WARN_UNREACHABLE_CODE = YES;
				CLANG_WARN__DUPLICATE_METHOD_MATCH = YES;
				CODE_SIGN_IDENTITY = "-";
				COPY_PHASE_STRIP = NO;
				DEBUG_INFORMATION_FORMAT = "dwarf-with-dsym";
				ENABLE_NS_ASSERTIONS = NO;
				ENABLE_STRICT_OBJC_MSGSEND = YES;
				GCC_C_LANGUAGE_STANDARD = gnu11;
				GCC_NO_COMMON_BLOCKS = YES;
				GCC_WARN_64_TO_32_BIT_CONVERSION = YES;
				GCC_WARN_ABOUT_RETURN_TYPE = YES_ERROR;
				GCC_WARN_UNDECLARED_SELECTOR = YES;
				GCC_WARN_UNINITIALIZED_AUTOS = YES_AGGRESSIVE;
				GCC_WARN_UNUSED_FUNCTION = YES;
				GCC_WARN_UNUSED_VARIABLE = YES;
				MACOSX_DEPLOYMENT_TARGET = 10.14;
				MTL_ENABLE_DEBUG_INFO = NO;
				MTL_FAST_MATH = YES;
				SDKROOT = macosx;
			};
			name = Release;
		};
		4604184E24A6426F00063372 /* Debug */ = {
			isa = XCBuildConfiguration;
			buildSettings = {
				CODE_SIGN_STYLE = Automatic;
				PRODUCT_NAME = "$(TARGET_NAME)";
			};
			name = Debug;
		};
		4604184F24A6426F00063372 /* Release */ = {
			isa = XCBuildConfiguration;
			buildSettings = {
				CODE_SIGN_STYLE = Automatic;
				PRODUCT_NAME = "$(TARGET_NAME)";
			};
			name = Release;
		};
/* End XCBuildConfiguration section */

/* Begin XCConfigurationList section */
		4604184124A6426F00063372 /* Build configuration list for PBXProject "EffectiveObjectC2.0" */ = {
			isa = XCConfigurationList;
			buildConfigurations = (
				4604184B24A6426F00063372 /* Debug */,
				4604184C24A6426F00063372 /* Release */,
			);
			defaultConfigurationIsVisible = 0;
			defaultConfigurationName = Release;
		};
		4604184D24A6426F00063372 /* Build configuration list for PBXNativeTarget "EffectiveObjectC2.0" */ = {
			isa = XCConfigurationList;
			buildConfigurations = (
				4604184E24A6426F00063372 /* Debug */,
				4604184F24A6426F00063372 /* Release */,
			);
			defaultConfigurationIsVisible = 0;
			defaultConfigurationName = Release;
		};
/* End XCConfigurationList section */
	};
	rootObject = 4604183E24A6426F00063372 /* Project object */;
}
